// !$*UTF8*$!
{
	archiveVersion = 1;
	classes = {
	};
	objectVersion = 51;
	objects = {

/* Begin PBXBuildFile section */
		95329E9AF9E2EB205D327BE8 /* Pods_Team.framework in Frameworks */ = {isa = PBXBuildFile; fileRef = 83946330E86D6315EA3658AC /* Pods_Team.framework */; };
		B88D663F25B2831A004BA591 /* AppDelegate.swift in Sources */ = {isa = PBXBuildFile; fileRef = B88D663E25B2831A004BA591 /* AppDelegate.swift */; };
		B88D664125B2831A004BA591 /* SceneDelegate.swift in Sources */ = {isa = PBXBuildFile; fileRef = B88D664025B2831A004BA591 /* SceneDelegate.swift */; };
		B88D664325B2831A004BA591 /* ContentView.swift in Sources */ = {isa = PBXBuildFile; fileRef = B88D664225B2831A004BA591 /* ContentView.swift */; };
		B88D664525B2831B004BA591 /* Assets.xcassets in Resources */ = {isa = PBXBuildFile; fileRef = B88D664425B2831B004BA591 /* Assets.xcassets */; };
		B88D664825B2831B004BA591 /* Preview Assets.xcassets in Resources */ = {isa = PBXBuildFile; fileRef = B88D664725B2831B004BA591 /* Preview Assets.xcassets */; };
		B88D664B25B2831B004BA591 /* LaunchScreen.storyboard in Resources */ = {isa = PBXBuildFile; fileRef = B88D664925B2831B004BA591 /* LaunchScreen.storyboard */; };
		B88D665B25B2880E004BA591 /* Home.swift in Sources */ = {isa = PBXBuildFile; fileRef = B88D665A25B2880E004BA591 /* Home.swift */; };
		B88D666125B2899B004BA591 /* Education.swift in Sources */ = {isa = PBXBuildFile; fileRef = B88D666025B2899B004BA591 /* Education.swift */; };
		B88D666625B28B1D004BA591 /* MenuBar.swift in Sources */ = {isa = PBXBuildFile; fileRef = B88D666525B28B1D004BA591 /* MenuBar.swift */; };
		B88D666D25B28C39004BA591 /* Stats.swift in Sources */ = {isa = PBXBuildFile; fileRef = B88D666C25B28C39004BA591 /* Stats.swift */; };
		B88D667025B28DD2004BA591 /* HomePage.swift in Sources */ = {isa = PBXBuildFile; fileRef = B88D666F25B28DD2004BA591 /* HomePage.swift */; };
		B88D667825B29CFB004BA591 /* MapView.swift in Sources */ = {isa = PBXBuildFile; fileRef = B88D667725B29CFB004BA591 /* MapView.swift */; };
		B88D667F25B2A23E004BA591 /* Resources.swift in Sources */ = {isa = PBXBuildFile; fileRef = B88D667E25B2A23E004BA591 /* Resources.swift */; };
		B88D668825B2ABDA004BA591 /* Landing.swift in Sources */ = {isa = PBXBuildFile; fileRef = B88D668725B2ABDA004BA591 /* Landing.swift */; };
		B88D668C25B2AC1E004BA591 /* Header.swift in Sources */ = {isa = PBXBuildFile; fileRef = B88D668B25B2AC1E004BA591 /* Header.swift */; };
/* End PBXBuildFile section */

/* Begin PBXFileReference section */
		83946330E86D6315EA3658AC /* Pods_Team.framework */ = {isa = PBXFileReference; explicitFileType = wrapper.framework; includeInIndex = 0; path = Pods_Team.framework; sourceTree = BUILT_PRODUCTS_DIR; };
		B3EC3E261EA895176A3A5518 /* Pods-Team.release.xcconfig */ = {isa = PBXFileReference; includeInIndex = 1; lastKnownFileType = text.xcconfig; name = "Pods-Team.release.xcconfig"; path = "Target Support Files/Pods-Team/Pods-Team.release.xcconfig"; sourceTree = "<group>"; };
		B88D663B25B2831A004BA591 /* Team.app */ = {isa = PBXFileReference; explicitFileType = wrapper.application; includeInIndex = 0; path = Team.app; sourceTree = BUILT_PRODUCTS_DIR; };
		B88D663E25B2831A004BA591 /* AppDelegate.swift */ = {isa = PBXFileReference; lastKnownFileType = sourcecode.swift; path = AppDelegate.swift; sourceTree = "<group>"; };
		B88D664025B2831A004BA591 /* SceneDelegate.swift */ = {isa = PBXFileReference; lastKnownFileType = sourcecode.swift; path = SceneDelegate.swift; sourceTree = "<group>"; };
		B88D664225B2831A004BA591 /* ContentView.swift */ = {isa = PBXFileReference; lastKnownFileType = sourcecode.swift; path = ContentView.swift; sourceTree = "<group>"; };
		B88D664425B2831B004BA591 /* Assets.xcassets */ = {isa = PBXFileReference; lastKnownFileType = folder.assetcatalog; path = Assets.xcassets; sourceTree = "<group>"; };
		B88D664725B2831B004BA591 /* Preview Assets.xcassets */ = {isa = PBXFileReference; lastKnownFileType = folder.assetcatalog; path = "Preview Assets.xcassets"; sourceTree = "<group>"; };
		B88D664A25B2831B004BA591 /* Base */ = {isa = PBXFileReference; lastKnownFileType = file.storyboard; name = Base; path = Base.lproj/LaunchScreen.storyboard; sourceTree = "<group>"; };
		B88D664C25B2831B004BA591 /* Info.plist */ = {isa = PBXFileReference; lastKnownFileType = text.plist.xml; path = Info.plist; sourceTree = "<group>"; };
		B88D665A25B2880E004BA591 /* Home.swift */ = {isa = PBXFileReference; lastKnownFileType = sourcecode.swift; path = Home.swift; sourceTree = "<group>"; };
		B88D666025B2899B004BA591 /* Education.swift */ = {isa = PBXFileReference; lastKnownFileType = sourcecode.swift; path = Education.swift; sourceTree = "<group>"; };
		B88D666525B28B1D004BA591 /* MenuBar.swift */ = {isa = PBXFileReference; lastKnownFileType = sourcecode.swift; path = MenuBar.swift; sourceTree = "<group>"; };
		B88D666C25B28C39004BA591 /* Stats.swift */ = {isa = PBXFileReference; lastKnownFileType = sourcecode.swift; path = Stats.swift; sourceTree = "<group>"; };
		B88D666F25B28DD2004BA591 /* HomePage.swift */ = {isa = PBXFileReference; lastKnownFileType = sourcecode.swift; path = HomePage.swift; sourceTree = "<group>"; };
		B88D667725B29CFB004BA591 /* MapView.swift */ = {isa = PBXFileReference; lastKnownFileType = sourcecode.swift; path = MapView.swift; sourceTree = "<group>"; };
		B88D667E25B2A23E004BA591 /* Resources.swift */ = {isa = PBXFileReference; lastKnownFileType = sourcecode.swift; path = Resources.swift; sourceTree = "<group>"; };
		B88D668725B2ABDA004BA591 /* Landing.swift */ = {isa = PBXFileReference; lastKnownFileType = sourcecode.swift; path = Landing.swift; sourceTree = "<group>"; };
		B88D668B25B2AC1E004BA591 /* Header.swift */ = {isa = PBXFileReference; lastKnownFileType = sourcecode.swift; path = Header.swift; sourceTree = "<group>"; };
		DA27A2267BC49DDE4B946E9D /* Pods-Team.debug.xcconfig */ = {isa = PBXFileReference; includeInIndex = 1; lastKnownFileType = text.xcconfig; name = "Pods-Team.debug.xcconfig"; path = "Target Support Files/Pods-Team/Pods-Team.debug.xcconfig"; sourceTree = "<group>"; };
/* End PBXFileReference section */

/* Begin PBXFrameworksBuildPhase section */
		B88D663825B2831A004BA591 /* Frameworks */ = {
			isa = PBXFrameworksBuildPhase;
			buildActionMask = 2147483647;
			files = (
				95329E9AF9E2EB205D327BE8 /* Pods_Team.framework in Frameworks */,
			);
			runOnlyForDeploymentPostprocessing = 0;
		};
/* End PBXFrameworksBuildPhase section */

/* Begin PBXGroup section */
		5F56162E2706708EB6D07D66 /* Frameworks */ = {
			isa = PBXGroup;
			children = (
				83946330E86D6315EA3658AC /* Pods_Team.framework */,
			);
			name = Frameworks;
			sourceTree = "<group>";
		};
		B7D0293755C71062DAAFFECC /* Pods */ = {
			isa = PBXGroup;
			children = (
				DA27A2267BC49DDE4B946E9D /* Pods-Team.debug.xcconfig */,
				B3EC3E261EA895176A3A5518 /* Pods-Team.release.xcconfig */,
			);
			path = Pods;
			sourceTree = "<group>";
		};
		B88D663225B2831A004BA591 = {
			isa = PBXGroup;
			children = (
				B88D663D25B2831A004BA591 /* Team */,
				B88D663C25B2831A004BA591 /* Products */,
				B7D0293755C71062DAAFFECC /* Pods */,
				5F56162E2706708EB6D07D66 /* Frameworks */,
			);
			sourceTree = "<group>";
		};
		B88D663C25B2831A004BA591 /* Products */ = {
			isa = PBXGroup;
			children = (
				B88D663B25B2831A004BA591 /* Team.app */,
			);
			name = Products;
			sourceTree = "<group>";
		};
		B88D663D25B2831A004BA591 /* Team */ = {
			isa = PBXGroup;
			children = (
				B88D668E25B2AEEC004BA591 /* Extensions */,
				B88D668625B2ABA4004BA591 /* Landing Page */,
				B88D667C25B2A21A004BA591 /* Resources */,
				B88D667625B29C83004BA591 /* Map */,
				B88D666425B28B0A004BA591 /* Menu */,
				B88D665F25B28950004BA591 /* Login */,
				B88D665E25B28943004BA591 /* Education */,
				B88D665925B28802004BA591 /* Home */,
				B88D663E25B2831A004BA591 /* AppDelegate.swift */,
				B88D664025B2831A004BA591 /* SceneDelegate.swift */,
				B88D664225B2831A004BA591 /* ContentView.swift */,
				B88D664425B2831B004BA591 /* Assets.xcassets */,
				B88D664925B2831B004BA591 /* LaunchScreen.storyboard */,
				B88D664C25B2831B004BA591 /* Info.plist */,
				B88D664625B2831B004BA591 /* Preview Content */,
			);
			path = Team;
			sourceTree = "<group>";
		};
		B88D664625B2831B004BA591 /* Preview Content */ = {
			isa = PBXGroup;
			children = (
				B88D664725B2831B004BA591 /* Preview Assets.xcassets */,
			);
			path = "Preview Content";
			sourceTree = "<group>";
		};
		B88D665925B28802004BA591 /* Home */ = {
			isa = PBXGroup;
			children = (
				B88D665A25B2880E004BA591 /* Home.swift */,
				B88D666F25B28DD2004BA591 /* HomePage.swift */,
			);
			path = Home;
			sourceTree = "<group>";
		};
		B88D665E25B28943004BA591 /* Education */ = {
			isa = PBXGroup;
			children = (
				B88D666025B2899B004BA591 /* Education.swift */,
			);
			path = Education;
			sourceTree = "<group>";
		};
		B88D665F25B28950004BA591 /* Login */ = {
			isa = PBXGroup;
			children = (
			);
			path = Login;
			sourceTree = "<group>";
		};
		B88D666425B28B0A004BA591 /* Menu */ = {
			isa = PBXGroup;
			children = (
				B88D666525B28B1D004BA591 /* MenuBar.swift */,
				B88D666C25B28C39004BA591 /* Stats.swift */,
			);
			path = Menu;
			sourceTree = "<group>";
		};
		B88D667625B29C83004BA591 /* Map */ = {
			isa = PBXGroup;
			children = (
				B88D667725B29CFB004BA591 /* MapView.swift */,
			);
			path = Map;
			sourceTree = "<group>";
		};
		B88D667C25B2A21A004BA591 /* Resources */ = {
			isa = PBXGroup;
			children = (
				B88D667E25B2A23E004BA591 /* Resources.swift */,
			);
			path = Resources;
			sourceTree = "<group>";
		};
		B88D668625B2ABA4004BA591 /* Landing Page */ = {
			isa = PBXGroup;
			children = (
				B88D668725B2ABDA004BA591 /* Landing.swift */,
				B88D668B25B2AC1E004BA591 /* Header.swift */,
			);
			path = "Landing Page";
			sourceTree = "<group>";
		};
		B88D668E25B2AEEC004BA591 /* Extensions */ = {
			isa = PBXGroup;
			children = (
			);
			path = Extensions;
			sourceTree = "<group>";
		};
/* End PBXGroup section */

/* Begin PBXNativeTarget section */
		B88D663A25B2831A004BA591 /* Team */ = {
			isa = PBXNativeTarget;
			buildConfigurationList = B88D664F25B2831B004BA591 /* Build configuration list for PBXNativeTarget "Team" */;
			buildPhases = (
				AB236EFF6B6E9BEA993A53E9 /* [CP] Check Pods Manifest.lock */,
				B88D663725B2831A004BA591 /* Sources */,
				B88D663825B2831A004BA591 /* Frameworks */,
				B88D663925B2831A004BA591 /* Resources */,
				66077C8F116A89AE5228407A /* [CP] Embed Pods Frameworks */,
			);
			buildRules = (
			);
			dependencies = (
			);
			name = Team;
			productName = Team;
			productReference = B88D663B25B2831A004BA591 /* Team.app */;
			productType = "com.apple.product-type.application";
		};
/* End PBXNativeTarget section */

/* Begin PBXProject section */
		B88D663325B2831A004BA591 /* Project object */ = {
			isa = PBXProject;
			attributes = {
				LastSwiftUpdateCheck = 1220;
				LastUpgradeCheck = 1220;
				TargetAttributes = {
					B88D663A25B2831A004BA591 = {
						CreatedOnToolsVersion = 12.2;
					};
				};
			};
			buildConfigurationList = B88D663625B2831A004BA591 /* Build configuration list for PBXProject "Team" */;
			compatibilityVersion = "Xcode 9.3";
			developmentRegion = en;
			hasScannedForEncodings = 0;
			knownRegions = (
				en,
				Base,
			);
			mainGroup = B88D663225B2831A004BA591;
			productRefGroup = B88D663C25B2831A004BA591 /* Products */;
			projectDirPath = "";
			projectRoot = "";
			targets = (
				B88D663A25B2831A004BA591 /* Team */,
			);
		};
/* End PBXProject section */

/* Begin PBXResourcesBuildPhase section */
		B88D663925B2831A004BA591 /* Resources */ = {
			isa = PBXResourcesBuildPhase;
			buildActionMask = 2147483647;
			files = (
				B88D664B25B2831B004BA591 /* LaunchScreen.storyboard in Resources */,
				B88D664825B2831B004BA591 /* Preview Assets.xcassets in Resources */,
				B88D664525B2831B004BA591 /* Assets.xcassets in Resources */,
			);
			runOnlyForDeploymentPostprocessing = 0;
		};
/* End PBXResourcesBuildPhase section */

/* Begin PBXShellScriptBuildPhase section */
		66077C8F116A89AE5228407A /* [CP] Embed Pods Frameworks */ = {
			isa = PBXShellScriptBuildPhase;
			buildActionMask = 2147483647;
			files = (
			);
			inputFileListPaths = (
				"${PODS_ROOT}/Target Support Files/Pods-Team/Pods-Team-frameworks-${CONFIGURATION}-input-files.xcfilelist",
			);
			name = "[CP] Embed Pods Frameworks";
			outputFileListPaths = (
				"${PODS_ROOT}/Target Support Files/Pods-Team/Pods-Team-frameworks-${CONFIGURATION}-output-files.xcfilelist",
			);
			runOnlyForDeploymentPostprocessing = 0;
			shellPath = /bin/sh;
			shellScript = "\"${PODS_ROOT}/Target Support Files/Pods-Team/Pods-Team-frameworks.sh\"\n";
			showEnvVarsInLog = 0;
		};
		AB236EFF6B6E9BEA993A53E9 /* [CP] Check Pods Manifest.lock */ = {
			isa = PBXShellScriptBuildPhase;
			buildActionMask = 2147483647;
			files = (
			);
			inputFileListPaths = (
			);
			inputPaths = (
				"${PODS_PODFILE_DIR_PATH}/Podfile.lock",
				"${PODS_ROOT}/Manifest.lock",
			);
			name = "[CP] Check Pods Manifest.lock";
			outputFileListPaths = (
			);
			outputPaths = (
				"$(DERIVED_FILE_DIR)/Pods-Team-checkManifestLockResult.txt",
			);
			runOnlyForDeploymentPostprocessing = 0;
			shellPath = /bin/sh;
			shellScript = "diff \"${PODS_PODFILE_DIR_PATH}/Podfile.lock\" \"${PODS_ROOT}/Manifest.lock\" > /dev/null\nif [ $? != 0 ] ; then\n    # print error to STDERR\n    echo \"error: The sandbox is not in sync with the Podfile.lock. Run 'pod install' or update your CocoaPods installation.\" >&2\n    exit 1\nfi\n# This output is used by Xcode 'outputs' to avoid re-running this script phase.\necho \"SUCCESS\" > \"${SCRIPT_OUTPUT_FILE_0}\"\n";
			showEnvVarsInLog = 0;
		};
/* End PBXShellScriptBuildPhase section */

/* Begin PBXSourcesBuildPhase section */
		B88D663725B2831A004BA591 /* Sources */ = {
			isa = PBXSourcesBuildPhase;
			buildActionMask = 2147483647;
			files = (
				B88D663F25B2831A004BA591 /* AppDelegate.swift in Sources */,
				B88D664125B2831A004BA591 /* SceneDelegate.swift in Sources */,
				B88D666625B28B1D004BA591 /* MenuBar.swift in Sources */,
				B88D668825B2ABDA004BA591 /* Landing.swift in Sources */,
				B88D668C25B2AC1E004BA591 /* Header.swift in Sources */,
				B88D667F25B2A23E004BA591 /* Resources.swift in Sources */,
				B88D666D25B28C39004BA591 /* Stats.swift in Sources */,
				B88D666125B2899B004BA591 /* Education.swift in Sources */,
				B88D665B25B2880E004BA591 /* Home.swift in Sources */,
				B88D664325B2831A004BA591 /* ContentView.swift in Sources */,
				B88D667825B29CFB004BA591 /* MapView.swift in Sources */,
				B88D667025B28DD2004BA591 /* HomePage.swift in Sources */,
			);
			runOnlyForDeploymentPostprocessing = 0;
		};
/* End PBXSourcesBuildPhase section */

/* Begin PBXVariantGroup section */
		B88D664925B2831B004BA591 /* LaunchScreen.storyboard */ = {
			isa = PBXVariantGroup;
			children = (
				B88D664A25B2831B004BA591 /* Base */,
			);
			name = LaunchScreen.storyboard;
			sourceTree = "<group>";
		};
/* End PBXVariantGroup section */

/* Begin XCBuildConfiguration section */
		B88D664D25B2831B004BA591 /* Debug */ = {
			isa = XCBuildConfiguration;
			buildSettings = {
				ALWAYS_SEARCH_USER_PATHS = NO;
				CLANG_ANALYZER_NONNULL = YES;
				CLANG_ANALYZER_NUMBER_OBJECT_CONVERSION = YES_AGGRESSIVE;
				CLANG_CXX_LANGUAGE_STANDARD = "gnu++14";
				CLANG_CXX_LIBRARY = "libc++";
				CLANG_ENABLE_MODULES = YES;
				CLANG_ENABLE_OBJC_ARC = YES;
				CLANG_ENABLE_OBJC_WEAK = YES;
				CLANG_WARN_BLOCK_CAPTURE_AUTORELEASING = YES;
				CLANG_WARN_BOOL_CONVERSION = YES;
				CLANG_WARN_COMMA = YES;
				CLANG_WARN_CONSTANT_CONVERSION = YES;
				CLANG_WARN_DEPRECATED_OBJC_IMPLEMENTATIONS = YES;
				CLANG_WARN_DIRECT_OBJC_ISA_USAGE = YES_ERROR;
				CLANG_WARN_DOCUMENTATION_COMMENTS = YES;
				CLANG_WARN_EMPTY_BODY = YES;
				CLANG_WARN_ENUM_CONVERSION = YES;
				CLANG_WARN_INFINITE_RECURSION = YES;
				CLANG_WARN_INT_CONVERSION = YES;
				CLANG_WARN_NON_LITERAL_NULL_CONVERSION = YES;
				CLANG_WARN_OBJC_IMPLICIT_RETAIN_SELF = YES;
				CLANG_WARN_OBJC_LITERAL_CONVERSION = YES;
				CLANG_WARN_OBJC_ROOT_CLASS = YES_ERROR;
				CLANG_WARN_QUOTED_INCLUDE_IN_FRAMEWORK_HEADER = YES;
				CLANG_WARN_RANGE_LOOP_ANALYSIS = YES;
				CLANG_WARN_STRICT_PROTOTYPES = YES;
				CLANG_WARN_SUSPICIOUS_MOVE = YES;
				CLANG_WARN_UNGUARDED_AVAILABILITY = YES_AGGRESSIVE;
				CLANG_WARN_UNREACHABLE_CODE = YES;
				CLANG_WARN__DUPLICATE_METHOD_MATCH = YES;
				COPY_PHASE_STRIP = NO;
				DEBUG_INFORMATION_FORMAT = dwarf;
				ENABLE_STRICT_OBJC_MSGSEND = YES;
				ENABLE_TESTABILITY = YES;
				GCC_C_LANGUAGE_STANDARD = gnu11;
				GCC_DYNAMIC_NO_PIC = NO;
				GCC_NO_COMMON_BLOCKS = YES;
				GCC_OPTIMIZATION_LEVEL = 0;
				GCC_PREPROCESSOR_DEFINITIONS = (
					"DEBUG=1",
					"$(inherited)",
				);
				GCC_WARN_64_TO_32_BIT_CONVERSION = YES;
				GCC_WARN_ABOUT_RETURN_TYPE = YES_ERROR;
				GCC_WARN_UNDECLARED_SELECTOR = YES;
				GCC_WARN_UNINITIALIZED_AUTOS = YES_AGGRESSIVE;
				GCC_WARN_UNUSED_FUNCTION = YES;
				GCC_WARN_UNUSED_VARIABLE = YES;
				IPHONEOS_DEPLOYMENT_TARGET = 14.2;
				MTL_ENABLE_DEBUG_INFO = INCLUDE_SOURCE;
				MTL_FAST_MATH = YES;
				ONLY_ACTIVE_ARCH = YES;
				SDKROOT = iphoneos;
				SWIFT_ACTIVE_COMPILATION_CONDITIONS = DEBUG;
				SWIFT_OPTIMIZATION_LEVEL = "-Onone";
			};
			name = Debug;
		};
		B88D664E25B2831B004BA591 /* Release */ = {
			isa = XCBuildConfiguration;
			buildSettings = {
				ALWAYS_SEARCH_USER_PATHS = NO;
				CLANG_ANALYZER_NONNULL = YES;
				CLANG_ANALYZER_NUMBER_OBJECT_CONVERSION = YES_AGGRESSIVE;
				CLANG_CXX_LANGUAGE_STANDARD = "gnu++14";
				CLANG_CXX_LIBRARY = "libc++";
				CLANG_ENABLE_MODULES = YES;
				CLANG_ENABLE_OBJC_ARC = YES;
				CLANG_ENABLE_OBJC_WEAK = YES;
				CLANG_WARN_BLOCK_CAPTURE_AUTORELEASING = YES;
				CLANG_WARN_BOOL_CONVERSION = YES;
				CLANG_WARN_COMMA = YES;
				CLANG_WARN_CONSTANT_CONVERSION = YES;
				CLANG_WARN_DEPRECATED_OBJC_IMPLEMENTATIONS = YES;
				CLANG_WARN_DIRECT_OBJC_ISA_USAGE = YES_ERROR;
				CLANG_WARN_DOCUMENTATION_COMMENTS = YES;
				CLANG_WARN_EMPTY_BODY = YES;
				CLANG_WARN_ENUM_CONVERSION = YES;
				CLANG_WARN_INFINITE_RECURSION = YES;
				CLANG_WARN_INT_CONVERSION = YES;
				CLANG_WARN_NON_LITERAL_NULL_CONVERSION = YES;
				CLANG_WARN_OBJC_IMPLICIT_RETAIN_SELF = YES;
				CLANG_WARN_OBJC_LITERAL_CONVERSION = YES;
				CLANG_WARN_OBJC_ROOT_CLASS = YES_ERROR;
				CLANG_WARN_QUOTED_INCLUDE_IN_FRAMEWORK_HEADER = YES;
				CLANG_WARN_RANGE_LOOP_ANALYSIS = YES;
				CLANG_WARN_STRICT_PROTOTYPES = YES;
				CLANG_WARN_SUSPICIOUS_MOVE = YES;
				CLANG_WARN_UNGUARDED_AVAILABILITY = YES_AGGRESSIVE;
				CLANG_WARN_UNREACHABLE_CODE = YES;
				CLANG_WARN__DUPLICATE_METHOD_MATCH = YES;
				COPY_PHASE_STRIP = NO;
				DEBUG_INFORMATION_FORMAT = "dwarf-with-dsym";
				ENABLE_NS_ASSERTIONS = NO;
				ENABLE_STRICT_OBJC_MSGSEND = YES;
				GCC_C_LANGUAGE_STANDARD = gnu11;
				GCC_NO_COMMON_BLOCKS = YES;
				GCC_WARN_64_TO_32_BIT_CONVERSION = YES;
				GCC_WARN_ABOUT_RETURN_TYPE = YES_ERROR;
				GCC_WARN_UNDECLARED_SELECTOR = YES;
				GCC_WARN_UNINITIALIZED_AUTOS = YES_AGGRESSIVE;
				GCC_WARN_UNUSED_FUNCTION = YES;
				GCC_WARN_UNUSED_VARIABLE = YES;
				IPHONEOS_DEPLOYMENT_TARGET = 14.2;
				MTL_ENABLE_DEBUG_INFO = NO;
				MTL_FAST_MATH = YES;
				SDKROOT = iphoneos;
				SWIFT_COMPILATION_MODE = wholemodule;
				SWIFT_OPTIMIZATION_LEVEL = "-O";
				VALIDATE_PRODUCT = YES;
			};
			name = Release;
		};
		B88D665025B2831B004BA591 /* Debug */ = {
			isa = XCBuildConfiguration;
			baseConfigurationReference = DA27A2267BC49DDE4B946E9D /* Pods-Team.debug.xcconfig */;
			buildSettings = {
				ASSETCATALOG_COMPILER_APPICON_NAME = AppIcon;
				ASSETCATALOG_COMPILER_GLOBAL_ACCENT_COLOR_NAME = AccentColor;
				CODE_SIGN_STYLE = Automatic;
				DEVELOPMENT_ASSET_PATHS = "\"Team/Preview Content\"";
				DEVELOPMENT_TEAM = 4HBR3Z2SY9;
				ENABLE_PREVIEWS = YES;
				INFOPLIST_FILE = Team/Info.plist;
				LD_RUNPATH_SEARCH_PATHS = (
					"$(inherited)",
					"@executable_path/Frameworks",
				);
				PRODUCT_BUNDLE_IDENTIFIER = com.HTN21;
				PRODUCT_NAME = "$(TARGET_NAME)";
				SWIFT_VERSION = 5.0;
				TARGETED_DEVICE_FAMILY = 1;
			};
			name = Debug;
		};
		B88D665125B2831B004BA591 /* Release */ = {
			isa = XCBuildConfiguration;
			baseConfigurationReference = B3EC3E261EA895176A3A5518 /* Pods-Team.release.xcconfig */;
			buildSettings = {
				ASSETCATALOG_COMPILER_APPICON_NAME = AppIcon;
				ASSETCATALOG_COMPILER_GLOBAL_ACCENT_COLOR_NAME = AccentColor;
				CODE_SIGN_STYLE = Automatic;
				DEVELOPMENT_ASSET_PATHS = "\"Team/Preview Content\"";
				DEVELOPMENT_TEAM = 4HBR3Z2SY9;
				ENABLE_PREVIEWS = YES;
				INFOPLIST_FILE = Team/Info.plist;
				LD_RUNPATH_SEARCH_PATHS = (
					"$(inherited)",
					"@executable_path/Frameworks",
				);
				PRODUCT_BUNDLE_IDENTIFIER = com.HTN21;
				PRODUCT_NAME = "$(TARGET_NAME)";
				SWIFT_VERSION = 5.0;
				TARGETED_DEVICE_FAMILY = 1;
			};
			name = Release;
		};
/* End XCBuildConfiguration section */

/* Begin XCConfigurationList section */
		B88D663625B2831A004BA591 /* Build configuration list for PBXProject "Team" */ = {
			isa = XCConfigurationList;
			buildConfigurations = (
				B88D664D25B2831B004BA591 /* Debug */,
				B88D664E25B2831B004BA591 /* Release */,
			);
			defaultConfigurationIsVisible = 0;
			defaultConfigurationName = Release;
		};
		B88D664F25B2831B004BA591 /* Build configuration list for PBXNativeTarget "Team" */ = {
			isa = XCConfigurationList;
			buildConfigurations = (
				B88D665025B2831B004BA591 /* Debug */,
				B88D665125B2831B004BA591 /* Release */,
			);
			defaultConfigurationIsVisible = 0;
			defaultConfigurationName = Release;
		};
/* End XCConfigurationList section */
	};
	rootObject = B88D663325B2831A004BA591 /* Project object */;
}
