PODS:
  - FBSDKCoreKit (8.2.0):
    - FBSDKCoreKit/Basics (= 8.2.0)
    - FBSDKCoreKit/Core (= 8.2.0)
  - FBSDKCoreKit/Basics (8.2.0)
  - FBSDKCoreKit/Core (8.2.0):
    - FBSDKCoreKit/Basics
  - FBSDKLoginKit (8.2.0):
    - FBSDKLoginKit/Login (= 8.2.0)
  - FBSDKLoginKit/Login (8.2.0):
    - FBSDKCoreKit (~> 8.2.0)

DEPENDENCIES:
  - FBSDKLoginKit

SPEC REPOS:
  trunk:
    - FBSDKCoreKit
    - FBSDKLoginKit

SPEC CHECKSUMS:
  FBSDKCoreKit: 4afd6ff53d8133a433dbcda44451c9498f8c6ce4
  FBSDKLoginKit: 7181765f2524d7ebf82d9629066c8e6caafc99d0

PODFILE CHECKSUM: b1cbd9886848a24e55babea4e811a32fc082924d

COCOAPODS: 1.10.1
